// !$*UTF8*$!
{
	archiveVersion = 1;
	classes = {
	};
	objectVersion = 55;
	objects = {

/* Begin PBXBuildFile section */
		3929B623295B3BDD00A1CBD0 /* UITabBarController+Rx.swift in Sources */ = {isa = PBXBuildFile; fileRef = 3929B622295B3BDD00A1CBD0 /* UITabBarController+Rx.swift */; };
		3929B627295B4B5400A1CBD0 /* FavoriteListBackgroundView.swift in Sources */ = {isa = PBXBuildFile; fileRef = 3929B626295B4B5400A1CBD0 /* FavoriteListBackgroundView.swift */; };
		3929B629295B4B7100A1CBD0 /* FavoriteListBackgroundViewModel.swift in Sources */ = {isa = PBXBuildFile; fileRef = 3929B628295B4B7100A1CBD0 /* FavoriteListBackgroundViewModel.swift */; };
		3929B644295C9CD600A1CBD0 /* PlaceHolder.swift in Sources */ = {isa = PBXBuildFile; fileRef = 3929B643295C9CD600A1CBD0 /* PlaceHolder.swift */; };
		392FBC502958A66A00F359A1 /* UIButton+Rx.swift in Sources */ = {isa = PBXBuildFile; fileRef = 392FBC4F2958A66A00F359A1 /* UIButton+Rx.swift */; };
		392FBC522958B32000F359A1 /* MainTabBarController.swift in Sources */ = {isa = PBXBuildFile; fileRef = 392FBC512958B32000F359A1 /* MainTabBarController.swift */; };
		39357B4E295D4CBD000D7524 /* FavoriteListViewModel.swift in Sources */ = {isa = PBXBuildFile; fileRef = 39357B4D295D4CBD000D7524 /* FavoriteListViewModel.swift */; };
		39357B51295D54F3000D7524 /* ViewModel.swift in Sources */ = {isa = PBXBuildFile; fileRef = 39357B50295D54F3000D7524 /* ViewModel.swift */; };
		39391BC3298762FB00F3D79A /* MockURLSession.swift in Sources */ = {isa = PBXBuildFile; fileRef = 39391BC2298762FB00F3D79A /* MockURLSession.swift */; };
		39391BC729879A4600F3D79A /* ServiceAPI.swift in Sources */ = {isa = PBXBuildFile; fileRef = 39391BC629879A4600F3D79A /* ServiceAPI.swift */; };
		39391BC929879AFA00F3D79A /* JSONParser.swift in Sources */ = {isa = PBXBuildFile; fileRef = 39391BC829879AFA00F3D79A /* JSONParser.swift */; };
		39391BCB29879B1C00F3D79A /* URLRequest+.swift in Sources */ = {isa = PBXBuildFile; fileRef = 39391BCA29879B1C00F3D79A /* URLRequest+.swift */; };
		39391BCC29879CD000F3D79A /* NetworkDummy.json in Resources */ = {isa = PBXBuildFile; fileRef = 3929B639295BD6FA00A1CBD0 /* NetworkDummy.json */; };
		3976B0B62962C33300B4365D /* AppFlowCoordinator.swift in Sources */ = {isa = PBXBuildFile; fileRef = 3976B0B52962C33300B4365D /* AppFlowCoordinator.swift */; };
		3976B0DD296559D500B4365D /* ActionSheetView.swift in Sources */ = {isa = PBXBuildFile; fileRef = 3976B0DC296559D500B4365D /* ActionSheetView.swift */; };
		3976B0E229658C7700B4365D /* ActionSheetViewModel.swift in Sources */ = {isa = PBXBuildFile; fileRef = 3976B0E129658C7700B4365D /* ActionSheetViewModel.swift */; };
		3976B0E42965D8E400B4365D /* TerrestrialApi.swift in Sources */ = {isa = PBXBuildFile; fileRef = 3976B0E32965D8E400B4365D /* TerrestrialApi.swift */; };
		3976B0E9296834F400B4365D /* StationView.swift in Sources */ = {isa = PBXBuildFile; fileRef = 3976B0E8296834F400B4365D /* StationView.swift */; };
		3976B0ED296B13BB00B4365D /* CollectionViewHeader.swift in Sources */ = {isa = PBXBuildFile; fileRef = 3976B0EC296B13BB00B4365D /* CollectionViewHeader.swift */; };
		3976B0F0296B160900B4365D /* CollectionViewMainCell.swift in Sources */ = {isa = PBXBuildFile; fileRef = 3976B0EF296B160900B4365D /* CollectionViewMainCell.swift */; };
		3976B0F2296B1DEE00B4365D /* StationViewModel.swift in Sources */ = {isa = PBXBuildFile; fileRef = 3976B0F1296B1DEE00B4365D /* StationViewModel.swift */; };
		3976B0F4296E0C7800B4365D /* AlertController.swift in Sources */ = {isa = PBXBuildFile; fileRef = 3976B0F3296E0C7800B4365D /* AlertController.swift */; };
		3976B0F6296EAE8100B4365D /* UILabel+.swift in Sources */ = {isa = PBXBuildFile; fileRef = 3976B0F5296EAE8100B4365D /* UILabel+.swift */; };
		39947BBA2959857900412BC4 /* FavoriteListView.swift in Sources */ = {isa = PBXBuildFile; fileRef = 39947BB92959857900412BC4 /* FavoriteListView.swift */; };
		39947BC129598BFF00412BC4 /* FavoriteListTableView.swift in Sources */ = {isa = PBXBuildFile; fileRef = 39947BC029598BFF00412BC4 /* FavoriteListTableView.swift */; };
		39947BC429598D1A00412BC4 /* FavoriteListCell.swift in Sources */ = {isa = PBXBuildFile; fileRef = 39947BC329598D1A00412BC4 /* FavoriteListCell.swift */; };
		399FBFFA295B01BE00D9A888 /* Station.swift in Sources */ = {isa = PBXBuildFile; fileRef = 399FBFF9295B01BE00D9A888 /* Station.swift */; };
		399FBFFC295B01D400D9A888 /* StationCellData.swift in Sources */ = {isa = PBXBuildFile; fileRef = 399FBFFB295B01D400D9A888 /* StationCellData.swift */; };
		399FC003295B314600D9A888 /* UIViewController+Rx.swift in Sources */ = {isa = PBXBuildFile; fileRef = 399FC002295B314600D9A888 /* UIViewController+Rx.swift */; };
		39A1BEC92952FB110007C524 /* AppDelegate.swift in Sources */ = {isa = PBXBuildFile; fileRef = 39A1BEC82952FB110007C524 /* AppDelegate.swift */; };
		39A1BECB2952FB110007C524 /* SceneDelegate.swift in Sources */ = {isa = PBXBuildFile; fileRef = 39A1BECA2952FB110007C524 /* SceneDelegate.swift */; };
		39A1BED22952FB120007C524 /* Assets.xcassets in Resources */ = {isa = PBXBuildFile; fileRef = 39A1BED12952FB120007C524 /* Assets.xcassets */; };
		39A1BED52952FB120007C524 /* LaunchScreen.storyboard in Resources */ = {isa = PBXBuildFile; fileRef = 39A1BED32952FB120007C524 /* LaunchScreen.storyboard */; };
		39A1BF0029532E650007C524 /* NetworkProvider.swift in Sources */ = {isa = PBXBuildFile; fileRef = 39A1BEFF29532E650007C524 /* NetworkProvider.swift */; };
		39A1BF0229532F2D0007C524 /* StationList.swift in Sources */ = {isa = PBXBuildFile; fileRef = 39A1BF0129532F2D0007C524 /* StationList.swift */; };
		39A1BF05295330590007C524 /* NetworkError.swift in Sources */ = {isa = PBXBuildFile; fileRef = 39A1BF04295330590007C524 /* NetworkError.swift */; };
		39A1BF0729533ACC0007C524 /* DefaultStationsUseCase.swift in Sources */ = {isa = PBXBuildFile; fileRef = 39A1BF0629533ACC0007C524 /* DefaultStationsUseCase.swift */; };
		39C1A6082953655E00A5625F /* PlayStatusView.swift in Sources */ = {isa = PBXBuildFile; fileRef = 39C1A6072953655E00A5625F /* PlayStatusView.swift */; };
		39C1A60A2953656800A5625F /* PlayStatusViewModel.swift in Sources */ = {isa = PBXBuildFile; fileRef = 39C1A6092953656800A5625F /* PlayStatusViewModel.swift */; };
		39C1A60C29536EAE00A5625F /* AlertActionConvertible.swift in Sources */ = {isa = PBXBuildFile; fileRef = 39C1A60B29536EAE00A5625F /* AlertActionConvertible.swift */; };
		39C1A60F2953F36C00A5625F /* UIView+.swift in Sources */ = {isa = PBXBuildFile; fileRef = 39C1A60E2953F36C00A5625F /* UIView+.swift */; };
		39C1A6112953FC2C00A5625F /* UIButton+.swift in Sources */ = {isa = PBXBuildFile; fileRef = 39C1A6102953FC2C00A5625F /* UIButton+.swift */; };
		39DCAE3229810448008B5C4C /* StationBackgroundView.swift in Sources */ = {isa = PBXBuildFile; fileRef = 39DCAE3129810448008B5C4C /* StationBackgroundView.swift */; };
		39DCAE3429810481008B5C4C /* StationBackgroundViewModel.swift in Sources */ = {isa = PBXBuildFile; fileRef = 39DCAE3329810481008B5C4C /* StationBackgroundViewModel.swift */; };
		39DCAE37298107CE008B5C4C /* SettingViewController.swift in Sources */ = {isa = PBXBuildFile; fileRef = 39DCAE36298107CE008B5C4C /* SettingViewController.swift */; };
		39DCAE3E29814516008B5C4C /* SleepSettingViewController.swift in Sources */ = {isa = PBXBuildFile; fileRef = 39DCAE3D29814516008B5C4C /* SleepSettingViewController.swift */; };
		39DCAE4029814EFB008B5C4C /* Int+.swift in Sources */ = {isa = PBXBuildFile; fileRef = 39DCAE3F29814EFB008B5C4C /* Int+.swift */; };
		39DCAE42298172F6008B5C4C /* SecondTimer.swift in Sources */ = {isa = PBXBuildFile; fileRef = 39DCAE41298172F6008B5C4C /* SecondTimer.swift */; };
		39DCAE45298173CA008B5C4C /* RepeatingTimer.swift in Sources */ = {isa = PBXBuildFile; fileRef = 39DCAE44298173CA008B5C4C /* RepeatingTimer.swift */; };
		39DCAE482981A326008B5C4C /* Constants.swift in Sources */ = {isa = PBXBuildFile; fileRef = 39DCAE472981A326008B5C4C /* Constants.swift */; };
		39DCAE5229826507008B5C4C /* URLSessionDataTaskProtocol.swift in Sources */ = {isa = PBXBuildFile; fileRef = 39DCAE5129826507008B5C4C /* URLSessionDataTaskProtocol.swift */; };
		39DCAE542982651D008B5C4C /* URLSessionProtocol.swift in Sources */ = {isa = PBXBuildFile; fileRef = 39DCAE532982651D008B5C4C /* URLSessionProtocol.swift */; };
		39DCAFC52986B1CA008B5C4C /* NetworkProviderTests.swift in Sources */ = {isa = PBXBuildFile; fileRef = 39DCAFC42986B1CA008B5C4C /* NetworkProviderTests.swift */; };
		39DCAFC72986B5C6008B5C4C /* Dummy.swift in Sources */ = {isa = PBXBuildFile; fileRef = 39DCAFC62986B5C6008B5C4C /* Dummy.swift */; };
		39EB593A298CFDED006FD3A2 /* MockURLSessionDataTask.swift in Sources */ = {isa = PBXBuildFile; fileRef = 39EB5939298CFDED006FD3A2 /* MockURLSessionDataTask.swift */; };
		39EB593C298D036A006FD3A2 /* JsonLoader.swift in Sources */ = {isa = PBXBuildFile; fileRef = 39EB593B298D036A006FD3A2 /* JsonLoader.swift */; };
		39F6294B2975127A00A709F4 /* CollectionViewBasicCell.swift in Sources */ = {isa = PBXBuildFile; fileRef = 39F6294A2975127A00A709F4 /* CollectionViewBasicCell.swift */; };
		39F6294F2975C32500A709F4 /* CollectionViewLabelCell.swift in Sources */ = {isa = PBXBuildFile; fileRef = 39F6294E2975C32500A709F4 /* CollectionViewLabelCell.swift */; };
		39F629512975C5F200A709F4 /* CollectionViewFooter.swift in Sources */ = {isa = PBXBuildFile; fileRef = 39F629502975C5F200A709F4 /* CollectionViewFooter.swift */; };
		3DA50696629AA124FA7AC087 /* Pods_DDaRaTests.framework in Frameworks */ = {isa = PBXBuildFile; fileRef = 846587CE3226813FFA7B8700 /* Pods_DDaRaTests.framework */; };
		D6E3AC21C4FA80541524A3FD /* Pods_DDaRa.framework in Frameworks */ = {isa = PBXBuildFile; fileRef = 6679BDFCCD64325FFAA2888F /* Pods_DDaRa.framework */; };
/* End PBXBuildFile section */

/* Begin PBXContainerItemProxy section */
		3929B632295BC5FD00A1CBD0 /* PBXContainerItemProxy */ = {
			isa = PBXContainerItemProxy;
			containerPortal = 39A1BEBD2952FB110007C524 /* Project object */;
			proxyType = 1;
			remoteGlobalIDString = 39A1BEC42952FB110007C524;
			remoteInfo = DDaRa;
		};
/* End PBXContainerItemProxy section */

/* Begin PBXFileReference section */
		3929B622295B3BDD00A1CBD0 /* UITabBarController+Rx.swift */ = {isa = PBXFileReference; lastKnownFileType = sourcecode.swift; path = "UITabBarController+Rx.swift"; sourceTree = "<group>"; };
		3929B626295B4B5400A1CBD0 /* FavoriteListBackgroundView.swift */ = {isa = PBXFileReference; lastKnownFileType = sourcecode.swift; path = FavoriteListBackgroundView.swift; sourceTree = "<group>"; };
		3929B628295B4B7100A1CBD0 /* FavoriteListBackgroundViewModel.swift */ = {isa = PBXFileReference; lastKnownFileType = sourcecode.swift; path = FavoriteListBackgroundViewModel.swift; sourceTree = "<group>"; };
		3929B62E295BC5FD00A1CBD0 /* DDaRaTests.xctest */ = {isa = PBXFileReference; explicitFileType = wrapper.cfbundle; includeInIndex = 0; path = DDaRaTests.xctest; sourceTree = BUILT_PRODUCTS_DIR; };
		3929B639295BD6FA00A1CBD0 /* NetworkDummy.json */ = {isa = PBXFileReference; lastKnownFileType = text.json; path = NetworkDummy.json; sourceTree = "<group>"; };
		3929B643295C9CD600A1CBD0 /* PlaceHolder.swift */ = {isa = PBXFileReference; lastKnownFileType = sourcecode.swift; path = PlaceHolder.swift; sourceTree = "<group>"; };
		392FBC4F2958A66A00F359A1 /* UIButton+Rx.swift */ = {isa = PBXFileReference; lastKnownFileType = sourcecode.swift; path = "UIButton+Rx.swift"; sourceTree = "<group>"; };
		392FBC512958B32000F359A1 /* MainTabBarController.swift */ = {isa = PBXFileReference; lastKnownFileType = sourcecode.swift; path = MainTabBarController.swift; sourceTree = "<group>"; };
		39357B4D295D4CBD000D7524 /* FavoriteListViewModel.swift */ = {isa = PBXFileReference; lastKnownFileType = sourcecode.swift; path = FavoriteListViewModel.swift; sourceTree = "<group>"; };
		39357B50295D54F3000D7524 /* ViewModel.swift */ = {isa = PBXFileReference; lastKnownFileType = sourcecode.swift; path = ViewModel.swift; sourceTree = "<group>"; };
		39391BC2298762FB00F3D79A /* MockURLSession.swift */ = {isa = PBXFileReference; lastKnownFileType = sourcecode.swift; path = MockURLSession.swift; sourceTree = "<group>"; };
		39391BC629879A4600F3D79A /* ServiceAPI.swift */ = {isa = PBXFileReference; lastKnownFileType = sourcecode.swift; path = ServiceAPI.swift; sourceTree = "<group>"; };
		39391BC829879AFA00F3D79A /* JSONParser.swift */ = {isa = PBXFileReference; lastKnownFileType = sourcecode.swift; path = JSONParser.swift; sourceTree = "<group>"; };
		39391BCA29879B1C00F3D79A /* URLRequest+.swift */ = {isa = PBXFileReference; lastKnownFileType = sourcecode.swift; path = "URLRequest+.swift"; sourceTree = "<group>"; };
		3976B0B52962C33300B4365D /* AppFlowCoordinator.swift */ = {isa = PBXFileReference; lastKnownFileType = sourcecode.swift; path = AppFlowCoordinator.swift; sourceTree = "<group>"; };
		3976B0DC296559D500B4365D /* ActionSheetView.swift */ = {isa = PBXFileReference; lastKnownFileType = sourcecode.swift; path = ActionSheetView.swift; sourceTree = "<group>"; };
		3976B0E129658C7700B4365D /* ActionSheetViewModel.swift */ = {isa = PBXFileReference; lastKnownFileType = sourcecode.swift; path = ActionSheetViewModel.swift; sourceTree = "<group>"; };
		3976B0E32965D8E400B4365D /* TerrestrialApi.swift */ = {isa = PBXFileReference; lastKnownFileType = sourcecode.swift; path = TerrestrialApi.swift; sourceTree = "<group>"; };
		3976B0E8296834F400B4365D /* StationView.swift */ = {isa = PBXFileReference; lastKnownFileType = sourcecode.swift; path = StationView.swift; sourceTree = "<group>"; };
		3976B0EC296B13BB00B4365D /* CollectionViewHeader.swift */ = {isa = PBXFileReference; lastKnownFileType = sourcecode.swift; path = CollectionViewHeader.swift; sourceTree = "<group>"; };
		3976B0EF296B160900B4365D /* CollectionViewMainCell.swift */ = {isa = PBXFileReference; lastKnownFileType = sourcecode.swift; path = CollectionViewMainCell.swift; sourceTree = "<group>"; };
		3976B0F1296B1DEE00B4365D /* StationViewModel.swift */ = {isa = PBXFileReference; lastKnownFileType = sourcecode.swift; path = StationViewModel.swift; sourceTree = "<group>"; };
		3976B0F3296E0C7800B4365D /* AlertController.swift */ = {isa = PBXFileReference; lastKnownFileType = sourcecode.swift; path = AlertController.swift; sourceTree = "<group>"; };
		3976B0F5296EAE8100B4365D /* UILabel+.swift */ = {isa = PBXFileReference; lastKnownFileType = sourcecode.swift; path = "UILabel+.swift"; sourceTree = "<group>"; };
		39947BB92959857900412BC4 /* FavoriteListView.swift */ = {isa = PBXFileReference; lastKnownFileType = sourcecode.swift; path = FavoriteListView.swift; sourceTree = "<group>"; };
		39947BC029598BFF00412BC4 /* FavoriteListTableView.swift */ = {isa = PBXFileReference; lastKnownFileType = sourcecode.swift; path = FavoriteListTableView.swift; sourceTree = "<group>"; };
		39947BC329598D1A00412BC4 /* FavoriteListCell.swift */ = {isa = PBXFileReference; lastKnownFileType = sourcecode.swift; path = FavoriteListCell.swift; sourceTree = "<group>"; };
		399FBFF9295B01BE00D9A888 /* Station.swift */ = {isa = PBXFileReference; lastKnownFileType = sourcecode.swift; path = Station.swift; sourceTree = "<group>"; };
		399FBFFB295B01D400D9A888 /* StationCellData.swift */ = {isa = PBXFileReference; lastKnownFileType = sourcecode.swift; path = StationCellData.swift; sourceTree = "<group>"; };
		399FC002295B314600D9A888 /* UIViewController+Rx.swift */ = {isa = PBXFileReference; lastKnownFileType = sourcecode.swift; path = "UIViewController+Rx.swift"; sourceTree = "<group>"; };
		39A1BEC52952FB110007C524 /* DDaRa.app */ = {isa = PBXFileReference; explicitFileType = wrapper.application; includeInIndex = 0; path = DDaRa.app; sourceTree = BUILT_PRODUCTS_DIR; };
		39A1BEC82952FB110007C524 /* AppDelegate.swift */ = {isa = PBXFileReference; lastKnownFileType = sourcecode.swift; path = AppDelegate.swift; sourceTree = "<group>"; };
		39A1BECA2952FB110007C524 /* SceneDelegate.swift */ = {isa = PBXFileReference; lastKnownFileType = sourcecode.swift; path = SceneDelegate.swift; sourceTree = "<group>"; };
		39A1BED12952FB120007C524 /* Assets.xcassets */ = {isa = PBXFileReference; lastKnownFileType = folder.assetcatalog; path = Assets.xcassets; sourceTree = "<group>"; };
		39A1BED42952FB120007C524 /* Base */ = {isa = PBXFileReference; lastKnownFileType = file.storyboard; name = Base; path = Base.lproj/LaunchScreen.storyboard; sourceTree = "<group>"; };
		39A1BED62952FB120007C524 /* Info.plist */ = {isa = PBXFileReference; lastKnownFileType = text.plist.xml; path = Info.plist; sourceTree = "<group>"; };
		39A1BEFF29532E650007C524 /* NetworkProvider.swift */ = {isa = PBXFileReference; lastKnownFileType = sourcecode.swift; path = NetworkProvider.swift; sourceTree = "<group>"; };
		39A1BF0129532F2D0007C524 /* StationList.swift */ = {isa = PBXFileReference; lastKnownFileType = sourcecode.swift; path = StationList.swift; sourceTree = "<group>"; };
		39A1BF04295330590007C524 /* NetworkError.swift */ = {isa = PBXFileReference; lastKnownFileType = sourcecode.swift; path = NetworkError.swift; sourceTree = "<group>"; };
		39A1BF0629533ACC0007C524 /* DefaultStationsUseCase.swift */ = {isa = PBXFileReference; lastKnownFileType = sourcecode.swift; path = DefaultStationsUseCase.swift; sourceTree = "<group>"; };
		39C1A6072953655E00A5625F /* PlayStatusView.swift */ = {isa = PBXFileReference; lastKnownFileType = sourcecode.swift; path = PlayStatusView.swift; sourceTree = "<group>"; };
		39C1A6092953656800A5625F /* PlayStatusViewModel.swift */ = {isa = PBXFileReference; lastKnownFileType = sourcecode.swift; path = PlayStatusViewModel.swift; sourceTree = "<group>"; };
		39C1A60B29536EAE00A5625F /* AlertActionConvertible.swift */ = {isa = PBXFileReference; lastKnownFileType = sourcecode.swift; path = AlertActionConvertible.swift; sourceTree = "<group>"; };
		39C1A60E2953F36C00A5625F /* UIView+.swift */ = {isa = PBXFileReference; lastKnownFileType = sourcecode.swift; path = "UIView+.swift"; sourceTree = "<group>"; };
		39C1A6102953FC2C00A5625F /* UIButton+.swift */ = {isa = PBXFileReference; lastKnownFileType = sourcecode.swift; path = "UIButton+.swift"; sourceTree = "<group>"; };
		39DCAE3129810448008B5C4C /* StationBackgroundView.swift */ = {isa = PBXFileReference; lastKnownFileType = sourcecode.swift; path = StationBackgroundView.swift; sourceTree = "<group>"; };
		39DCAE3329810481008B5C4C /* StationBackgroundViewModel.swift */ = {isa = PBXFileReference; lastKnownFileType = sourcecode.swift; path = StationBackgroundViewModel.swift; sourceTree = "<group>"; };
		39DCAE36298107CE008B5C4C /* SettingViewController.swift */ = {isa = PBXFileReference; lastKnownFileType = sourcecode.swift; path = SettingViewController.swift; sourceTree = "<group>"; };
		39DCAE3D29814516008B5C4C /* SleepSettingViewController.swift */ = {isa = PBXFileReference; lastKnownFileType = sourcecode.swift; path = SleepSettingViewController.swift; sourceTree = "<group>"; };
		39DCAE3F29814EFB008B5C4C /* Int+.swift */ = {isa = PBXFileReference; lastKnownFileType = sourcecode.swift; path = "Int+.swift"; sourceTree = "<group>"; };
		39DCAE41298172F6008B5C4C /* SecondTimer.swift */ = {isa = PBXFileReference; lastKnownFileType = sourcecode.swift; path = SecondTimer.swift; sourceTree = "<group>"; };
		39DCAE44298173CA008B5C4C /* RepeatingTimer.swift */ = {isa = PBXFileReference; lastKnownFileType = sourcecode.swift; path = RepeatingTimer.swift; sourceTree = "<group>"; };
		39DCAE472981A326008B5C4C /* Constants.swift */ = {isa = PBXFileReference; lastKnownFileType = sourcecode.swift; path = Constants.swift; sourceTree = "<group>"; };
		39DCAE5129826507008B5C4C /* URLSessionDataTaskProtocol.swift */ = {isa = PBXFileReference; lastKnownFileType = sourcecode.swift; path = URLSessionDataTaskProtocol.swift; sourceTree = "<group>"; };
		39DCAE532982651D008B5C4C /* URLSessionProtocol.swift */ = {isa = PBXFileReference; lastKnownFileType = sourcecode.swift; path = URLSessionProtocol.swift; sourceTree = "<group>"; };
		39DCAFC42986B1CA008B5C4C /* NetworkProviderTests.swift */ = {isa = PBXFileReference; lastKnownFileType = sourcecode.swift; path = NetworkProviderTests.swift; sourceTree = "<group>"; };
		39DCAFC62986B5C6008B5C4C /* Dummy.swift */ = {isa = PBXFileReference; lastKnownFileType = sourcecode.swift; path = Dummy.swift; sourceTree = "<group>"; };
		39EB5939298CFDED006FD3A2 /* MockURLSessionDataTask.swift */ = {isa = PBXFileReference; lastKnownFileType = sourcecode.swift; path = MockURLSessionDataTask.swift; sourceTree = "<group>"; };
		39EB593B298D036A006FD3A2 /* JsonLoader.swift */ = {isa = PBXFileReference; lastKnownFileType = sourcecode.swift; path = JsonLoader.swift; sourceTree = "<group>"; };
		39F6294A2975127A00A709F4 /* CollectionViewBasicCell.swift */ = {isa = PBXFileReference; lastKnownFileType = sourcecode.swift; path = CollectionViewBasicCell.swift; sourceTree = "<group>"; };
		39F6294E2975C32500A709F4 /* CollectionViewLabelCell.swift */ = {isa = PBXFileReference; lastKnownFileType = sourcecode.swift; path = CollectionViewLabelCell.swift; sourceTree = "<group>"; };
		39F629502975C5F200A709F4 /* CollectionViewFooter.swift */ = {isa = PBXFileReference; lastKnownFileType = sourcecode.swift; path = CollectionViewFooter.swift; sourceTree = "<group>"; };
		6679BDFCCD64325FFAA2888F /* Pods_DDaRa.framework */ = {isa = PBXFileReference; explicitFileType = wrapper.framework; includeInIndex = 0; path = Pods_DDaRa.framework; sourceTree = BUILT_PRODUCTS_DIR; };
		781C51F7F9AEFD830E005E82 /* Pods-DDaRa.debug.xcconfig */ = {isa = PBXFileReference; includeInIndex = 1; lastKnownFileType = text.xcconfig; name = "Pods-DDaRa.debug.xcconfig"; path = "Target Support Files/Pods-DDaRa/Pods-DDaRa.debug.xcconfig"; sourceTree = "<group>"; };
		846587CE3226813FFA7B8700 /* Pods_DDaRaTests.framework */ = {isa = PBXFileReference; explicitFileType = wrapper.framework; includeInIndex = 0; path = Pods_DDaRaTests.framework; sourceTree = BUILT_PRODUCTS_DIR; };
		9C1D32C4D889340999024030 /* Pods-DDaRaTests.debug.xcconfig */ = {isa = PBXFileReference; includeInIndex = 1; lastKnownFileType = text.xcconfig; name = "Pods-DDaRaTests.debug.xcconfig"; path = "Target Support Files/Pods-DDaRaTests/Pods-DDaRaTests.debug.xcconfig"; sourceTree = "<group>"; };
		A1DFD6B2A13F2F202EFA19B3 /* Pods-DDaRaTests.release.xcconfig */ = {isa = PBXFileReference; includeInIndex = 1; lastKnownFileType = text.xcconfig; name = "Pods-DDaRaTests.release.xcconfig"; path = "Target Support Files/Pods-DDaRaTests/Pods-DDaRaTests.release.xcconfig"; sourceTree = "<group>"; };
		BA9AC9BE31C37E5C6B9C6163 /* Pods-DDaRa.release.xcconfig */ = {isa = PBXFileReference; includeInIndex = 1; lastKnownFileType = text.xcconfig; name = "Pods-DDaRa.release.xcconfig"; path = "Target Support Files/Pods-DDaRa/Pods-DDaRa.release.xcconfig"; sourceTree = "<group>"; };
/* End PBXFileReference section */

/* Begin PBXFrameworksBuildPhase section */
		3929B62B295BC5FD00A1CBD0 /* Frameworks */ = {
			isa = PBXFrameworksBuildPhase;
			buildActionMask = 2147483647;
			files = (
				3DA50696629AA124FA7AC087 /* Pods_DDaRaTests.framework in Frameworks */,
			);
			runOnlyForDeploymentPostprocessing = 0;
		};
		39A1BEC22952FB110007C524 /* Frameworks */ = {
			isa = PBXFrameworksBuildPhase;
			buildActionMask = 2147483647;
			files = (
				D6E3AC21C4FA80541524A3FD /* Pods_DDaRa.framework in Frameworks */,
			);
			runOnlyForDeploymentPostprocessing = 0;
		};
/* End PBXFrameworksBuildPhase section */

/* Begin PBXGroup section */
		14FC0F1FB8B3331ACD1C2EE6 /* Pods */ = {
			isa = PBXGroup;
			children = (
				781C51F7F9AEFD830E005E82 /* Pods-DDaRa.debug.xcconfig */,
				BA9AC9BE31C37E5C6B9C6163 /* Pods-DDaRa.release.xcconfig */,
				9C1D32C4D889340999024030 /* Pods-DDaRaTests.debug.xcconfig */,
				A1DFD6B2A13F2F202EFA19B3 /* Pods-DDaRaTests.release.xcconfig */,
			);
			path = Pods;
			sourceTree = "<group>";
		};
		3929B624295B3BF100A1CBD0 /* Extension+Rx */ = {
			isa = PBXGroup;
			children = (
				392FBC4F2958A66A00F359A1 /* UIButton+Rx.swift */,
				399FC002295B314600D9A888 /* UIViewController+Rx.swift */,
				3929B622295B3BDD00A1CBD0 /* UITabBarController+Rx.swift */,
			);
			path = "Extension+Rx";
			sourceTree = "<group>";
		};
		3929B625295B4B2A00A1CBD0 /* FavoriteListBackgroundView */ = {
			isa = PBXGroup;
			children = (
				3929B626295B4B5400A1CBD0 /* FavoriteListBackgroundView.swift */,
				3929B628295B4B7100A1CBD0 /* FavoriteListBackgroundViewModel.swift */,
			);
			path = FavoriteListBackgroundView;
			sourceTree = "<group>";
		};
		3929B62F295BC5FD00A1CBD0 /* DDaRaTests */ = {
			isa = PBXGroup;
			children = (
				3929B667295CAAC300A1CBD0 /* Mock */,
				39DCAFC42986B1CA008B5C4C /* NetworkProviderTests.swift */,
			);
			path = DDaRaTests;
			sourceTree = "<group>";
		};
		3929B641295C08A700A1CBD0 /* Asset */ = {
			isa = PBXGroup;
			children = (
				39A1BED12952FB120007C524 /* Assets.xcassets */,
				39A1BED32952FB120007C524 /* LaunchScreen.storyboard */,
			);
			path = Asset;
			sourceTree = "<group>";
		};
		3929B642295C08D000A1CBD0 /* App */ = {
			isa = PBXGroup;
			children = (
				3929B641295C08A700A1CBD0 /* Asset */,
				39A1BEC82952FB110007C524 /* AppDelegate.swift */,
				39A1BECA2952FB110007C524 /* SceneDelegate.swift */,
				3976B0B52962C33300B4365D /* AppFlowCoordinator.swift */,
				39A1BED62952FB120007C524 /* Info.plist */,
			);
			path = App;
			sourceTree = "<group>";
		};
		3929B665295CA97900A1CBD0 /* MainTabBarView */ = {
			isa = PBXGroup;
			children = (
				392FBC512958B32000F359A1 /* MainTabBarController.swift */,
			);
			path = MainTabBarView;
			sourceTree = "<group>";
		};
		3929B666295CA98D00A1CBD0 /* SubComponents */ = {
			isa = PBXGroup;
			children = (
				3976B0E7296834CF00B4365D /* StationView */,
				392FBC6629596D8F00F359A1 /* FavoriteView */,
				39C1A6062953654D00A5625F /* PlayStatusView */,
				3976B0E029655E1A00B4365D /* ActionSheetView */,
				39DCAE35298107AE008B5C4C /* Setting */,
			);
			path = SubComponents;
			sourceTree = "<group>";
		};
		3929B667295CAAC300A1CBD0 /* Mock */ = {
			isa = PBXGroup;
			children = (
				3929B639295BD6FA00A1CBD0 /* NetworkDummy.json */,
				39391BC2298762FB00F3D79A /* MockURLSession.swift */,
				39EB5939298CFDED006FD3A2 /* MockURLSessionDataTask.swift */,
				39EB593B298D036A006FD3A2 /* JsonLoader.swift */,
			);
			path = Mock;
			sourceTree = "<group>";
		};
		392FBC6629596D8F00F359A1 /* FavoriteView */ = {
			isa = PBXGroup;
			children = (
				39947BB92959857900412BC4 /* FavoriteListView.swift */,
				39357B4D295D4CBD000D7524 /* FavoriteListViewModel.swift */,
				39947BBF29598BEA00412BC4 /* SubComponents */,
			);
			path = FavoriteView;
			sourceTree = "<group>";
		};
		39357B4F295D54E7000D7524 /* Common */ = {
			isa = PBXGroup;
			children = (
				39DCAFC82986B736008B5C4C /* Dummy */,
				39DCAFBF2986A95A008B5C4C /* Protocol */,
				39DCAE432981739D008B5C4C /* Timer */,
				39391BC829879AFA00F3D79A /* JSONParser.swift */,
			);
			path = Common;
			sourceTree = "<group>";
		};
		3976B0E029655E1A00B4365D /* ActionSheetView */ = {
			isa = PBXGroup;
			children = (
				3976B0DC296559D500B4365D /* ActionSheetView.swift */,
				3976B0E129658C7700B4365D /* ActionSheetViewModel.swift */,
			);
			path = ActionSheetView;
			sourceTree = "<group>";
		};
		3976B0E52968156000B4365D /* Data */ = {
			isa = PBXGroup;
			children = (
				39A1BEFE29532E410007C524 /* Network */,
			);
			path = Data;
			sourceTree = "<group>";
		};
		3976B0E62968159A00B4365D /* Domain */ = {
			isa = PBXGroup;
			children = (
				39A1BF0629533ACC0007C524 /* DefaultStationsUseCase.swift */,
			);
			path = Domain;
			sourceTree = "<group>";
		};
		3976B0E7296834CF00B4365D /* StationView */ = {
			isa = PBXGroup;
			children = (
				3976B0E8296834F400B4365D /* StationView.swift */,
				3976B0F1296B1DEE00B4365D /* StationViewModel.swift */,
				39DCAE2F29810416008B5C4C /* SubComponents */,
			);
			path = StationView;
			sourceTree = "<group>";
		};
		3976B0EB296B13A400B4365D /* Header */ = {
			isa = PBXGroup;
			children = (
				3976B0EC296B13BB00B4365D /* CollectionViewHeader.swift */,
				39F629502975C5F200A709F4 /* CollectionViewFooter.swift */,
			);
			path = Header;
			sourceTree = "<group>";
		};
		3976B0EE296B15F300B4365D /* Cell */ = {
			isa = PBXGroup;
			children = (
				3976B0EF296B160900B4365D /* CollectionViewMainCell.swift */,
				39F6294A2975127A00A709F4 /* CollectionViewBasicCell.swift */,
				39F6294E2975C32500A709F4 /* CollectionViewLabelCell.swift */,
			);
			path = Cell;
			sourceTree = "<group>";
		};
		39947BBF29598BEA00412BC4 /* SubComponents */ = {
			isa = PBXGroup;
			children = (
				39947BC229598C1F00412BC4 /* FavoriteListTableView */,
				3929B625295B4B2A00A1CBD0 /* FavoriteListBackgroundView */,
			);
			path = SubComponents;
			sourceTree = "<group>";
		};
		39947BC229598C1F00412BC4 /* FavoriteListTableView */ = {
			isa = PBXGroup;
			children = (
				39947BC029598BFF00412BC4 /* FavoriteListTableView.swift */,
				39947BC329598D1A00412BC4 /* FavoriteListCell.swift */,
			);
			path = FavoriteListTableView;
			sourceTree = "<group>";
		};
		39A1BEBC2952FB110007C524 = {
			isa = PBXGroup;
			children = (
				39A1BEC72952FB110007C524 /* DDaRa */,
				3929B62F295BC5FD00A1CBD0 /* DDaRaTests */,
				39A1BEC62952FB110007C524 /* Products */,
				14FC0F1FB8B3331ACD1C2EE6 /* Pods */,
				F7DAE51D6CCCBFD68C02E83D /* Frameworks */,
			);
			sourceTree = "<group>";
		};
		39A1BEC62952FB110007C524 /* Products */ = {
			isa = PBXGroup;
			children = (
				39A1BEC52952FB110007C524 /* DDaRa.app */,
				3929B62E295BC5FD00A1CBD0 /* DDaRaTests.xctest */,
			);
			name = Products;
			sourceTree = "<group>";
		};
		39A1BEC72952FB110007C524 /* DDaRa */ = {
			isa = PBXGroup;
			children = (
				3929B642295C08D000A1CBD0 /* App */,
				3976B0E52968156000B4365D /* Data */,
				3976B0E62968159A00B4365D /* Domain */,
				39A1BEF3295326580007C524 /* Presentation */,
				39357B4F295D54E7000D7524 /* Common */,
				39DCAE462981A31A008B5C4C /* ADMob */,
				39C1A60D2953F35C00A5625F /* Extension */,
				3929B624295B3BF100A1CBD0 /* Extension+Rx */,
			);
			path = DDaRa;
			sourceTree = "<group>";
		};
		39A1BEF3295326580007C524 /* Presentation */ = {
			isa = PBXGroup;
			children = (
				3929B665295CA97900A1CBD0 /* MainTabBarView */,
				3929B666295CA98D00A1CBD0 /* SubComponents */,
			);
			path = Presentation;
			sourceTree = "<group>";
		};
		39A1BEFE29532E410007C524 /* Network */ = {
			isa = PBXGroup;
			children = (
				39A1BF0329532F450007C524 /* Entities */,
				39391BC629879A4600F3D79A /* ServiceAPI.swift */,
				39A1BEFF29532E650007C524 /* NetworkProvider.swift */,
				39DCAE532982651D008B5C4C /* URLSessionProtocol.swift */,
				39DCAE5129826507008B5C4C /* URLSessionDataTaskProtocol.swift */,
				39A1BF04295330590007C524 /* NetworkError.swift */,
			);
			path = Network;
			sourceTree = "<group>";
		};
		39A1BF0329532F450007C524 /* Entities */ = {
			isa = PBXGroup;
			children = (
				39A1BF0129532F2D0007C524 /* StationList.swift */,
				399FBFF9295B01BE00D9A888 /* Station.swift */,
				399FBFFB295B01D400D9A888 /* StationCellData.swift */,
				3929B643295C9CD600A1CBD0 /* PlaceHolder.swift */,
				3976B0E32965D8E400B4365D /* TerrestrialApi.swift */,
			);
			path = Entities;
			sourceTree = "<group>";
		};
		39C1A6062953654D00A5625F /* PlayStatusView */ = {
			isa = PBXGroup;
			children = (
				39C1A6072953655E00A5625F /* PlayStatusView.swift */,
				39C1A6092953656800A5625F /* PlayStatusViewModel.swift */,
			);
			path = PlayStatusView;
			sourceTree = "<group>";
		};
		39C1A60D2953F35C00A5625F /* Extension */ = {
			isa = PBXGroup;
			children = (
				39C1A60E2953F36C00A5625F /* UIView+.swift */,
				39C1A6102953FC2C00A5625F /* UIButton+.swift */,
				3976B0F5296EAE8100B4365D /* UILabel+.swift */,
				39DCAE3F29814EFB008B5C4C /* Int+.swift */,
				39391BCA29879B1C00F3D79A /* URLRequest+.swift */,
			);
			path = Extension;
			sourceTree = "<group>";
		};
		39DCAE2F29810416008B5C4C /* SubComponents */ = {
			isa = PBXGroup;
			children = (
				39DCAE302981042B008B5C4C /* StationBackgroundView */,
				3976B0EB296B13A400B4365D /* Header */,
				3976B0EE296B15F300B4365D /* Cell */,
			);
			path = SubComponents;
			sourceTree = "<group>";
		};
		39DCAE302981042B008B5C4C /* StationBackgroundView */ = {
			isa = PBXGroup;
			children = (
				39DCAE3129810448008B5C4C /* StationBackgroundView.swift */,
				39DCAE3329810481008B5C4C /* StationBackgroundViewModel.swift */,
			);
			path = StationBackgroundView;
			sourceTree = "<group>";
		};
		39DCAE35298107AE008B5C4C /* Setting */ = {
			isa = PBXGroup;
			children = (
				39DCAE36298107CE008B5C4C /* SettingViewController.swift */,
				39DCAE3C298144EE008B5C4C /* SubComponents */,
			);
			path = Setting;
			sourceTree = "<group>";
		};
		39DCAE3C298144EE008B5C4C /* SubComponents */ = {
			isa = PBXGroup;
			children = (
				39DCAE3D29814516008B5C4C /* SleepSettingViewController.swift */,
			);
			path = SubComponents;
			sourceTree = "<group>";
		};
		39DCAE432981739D008B5C4C /* Timer */ = {
			isa = PBXGroup;
			children = (
				39DCAE41298172F6008B5C4C /* SecondTimer.swift */,
				39DCAE44298173CA008B5C4C /* RepeatingTimer.swift */,
			);
			path = Timer;
			sourceTree = "<group>";
		};
		39DCAE462981A31A008B5C4C /* ADMob */ = {
			isa = PBXGroup;
			children = (
				39DCAE472981A326008B5C4C /* Constants.swift */,
			);
			path = ADMob;
			sourceTree = "<group>";
		};
		39DCAFBF2986A95A008B5C4C /* Protocol */ = {
			isa = PBXGroup;
			children = (
				39357B50295D54F3000D7524 /* ViewModel.swift */,
				39C1A60B29536EAE00A5625F /* AlertActionConvertible.swift */,
				3976B0F3296E0C7800B4365D /* AlertController.swift */,
			);
			path = Protocol;
			sourceTree = "<group>";
		};
		39DCAFC82986B736008B5C4C /* Dummy */ = {
			isa = PBXGroup;
			children = (
				39DCAFC62986B5C6008B5C4C /* Dummy.swift */,
			);
			path = Dummy;
			sourceTree = "<group>";
		};
		F7DAE51D6CCCBFD68C02E83D /* Frameworks */ = {
			isa = PBXGroup;
			children = (
				6679BDFCCD64325FFAA2888F /* Pods_DDaRa.framework */,
				846587CE3226813FFA7B8700 /* Pods_DDaRaTests.framework */,
			);
			name = Frameworks;
			sourceTree = "<group>";
		};
/* End PBXGroup section */

/* Begin PBXNativeTarget section */
		3929B62D295BC5FD00A1CBD0 /* DDaRaTests */ = {
			isa = PBXNativeTarget;
			buildConfigurationList = 3929B634295BC5FD00A1CBD0 /* Build configuration list for PBXNativeTarget "DDaRaTests" */;
			buildPhases = (
				F9B16B39A46F8295F044EB98 /* [CP] Check Pods Manifest.lock */,
				3929B62A295BC5FD00A1CBD0 /* Sources */,
				3929B62B295BC5FD00A1CBD0 /* Frameworks */,
				3929B62C295BC5FD00A1CBD0 /* Resources */,
				6343A61B2DF570773018A2C6 /* [CP] Embed Pods Frameworks */,
			);
			buildRules = (
			);
			dependencies = (
				3929B633295BC5FD00A1CBD0 /* PBXTargetDependency */,
			);
			name = DDaRaTests;
			productName = DDaRaTests;
			productReference = 3929B62E295BC5FD00A1CBD0 /* DDaRaTests.xctest */;
			productType = "com.apple.product-type.bundle.unit-test";
		};
		39A1BEC42952FB110007C524 /* DDaRa */ = {
			isa = PBXNativeTarget;
			buildConfigurationList = 39A1BED92952FB120007C524 /* Build configuration list for PBXNativeTarget "DDaRa" */;
			buildPhases = (
				B9E3FCE0F6F150E62FCF6E2C /* [CP] Check Pods Manifest.lock */,
				39A1BEC12952FB110007C524 /* Sources */,
				39A1BEC22952FB110007C524 /* Frameworks */,
				39A1BEC32952FB110007C524 /* Resources */,
				57E9144E7C2F3AEBD2FC8C01 /* [CP] Embed Pods Frameworks */,
			);
			buildRules = (
			);
			dependencies = (
			);
			name = DDaRa;
			productName = DDaRa;
			productReference = 39A1BEC52952FB110007C524 /* DDaRa.app */;
			productType = "com.apple.product-type.application";
		};
/* End PBXNativeTarget section */

/* Begin PBXProject section */
		39A1BEBD2952FB110007C524 /* Project object */ = {
			isa = PBXProject;
			attributes = {
				BuildIndependentTargetsInParallel = 1;
				LastSwiftUpdateCheck = 1400;
				LastUpgradeCheck = 1400;
				TargetAttributes = {
					3929B62D295BC5FD00A1CBD0 = {
						CreatedOnToolsVersion = 14.0.1;
						TestTargetID = 39A1BEC42952FB110007C524;
					};
					39A1BEC42952FB110007C524 = {
						CreatedOnToolsVersion = 14.0.1;
					};
				};
			};
			buildConfigurationList = 39A1BEC02952FB110007C524 /* Build configuration list for PBXProject "DDaRa" */;
			compatibilityVersion = "Xcode 13.0";
			developmentRegion = en;
			hasScannedForEncodings = 0;
			knownRegions = (
				en,
				Base,
			);
			mainGroup = 39A1BEBC2952FB110007C524;
			productRefGroup = 39A1BEC62952FB110007C524 /* Products */;
			projectDirPath = "";
			projectRoot = "";
			targets = (
				39A1BEC42952FB110007C524 /* DDaRa */,
				3929B62D295BC5FD00A1CBD0 /* DDaRaTests */,
			);
		};
/* End PBXProject section */

/* Begin PBXResourcesBuildPhase section */
		3929B62C295BC5FD00A1CBD0 /* Resources */ = {
			isa = PBXResourcesBuildPhase;
			buildActionMask = 2147483647;
			files = (
				39391BCC29879CD000F3D79A /* NetworkDummy.json in Resources */,
			);
			runOnlyForDeploymentPostprocessing = 0;
		};
		39A1BEC32952FB110007C524 /* Resources */ = {
			isa = PBXResourcesBuildPhase;
			buildActionMask = 2147483647;
			files = (
				39A1BED52952FB120007C524 /* LaunchScreen.storyboard in Resources */,
				39A1BED22952FB120007C524 /* Assets.xcassets in Resources */,
			);
			runOnlyForDeploymentPostprocessing = 0;
		};
/* End PBXResourcesBuildPhase section */

/* Begin PBXShellScriptBuildPhase section */
		57E9144E7C2F3AEBD2FC8C01 /* [CP] Embed Pods Frameworks */ = {
			isa = PBXShellScriptBuildPhase;
			buildActionMask = 2147483647;
			files = (
			);
			inputFileListPaths = (
				"${PODS_ROOT}/Target Support Files/Pods-DDaRa/Pods-DDaRa-frameworks-${CONFIGURATION}-input-files.xcfilelist",
			);
			name = "[CP] Embed Pods Frameworks";
			outputFileListPaths = (
				"${PODS_ROOT}/Target Support Files/Pods-DDaRa/Pods-DDaRa-frameworks-${CONFIGURATION}-output-files.xcfilelist",
			);
			runOnlyForDeploymentPostprocessing = 0;
			shellPath = /bin/sh;
			shellScript = "\"${PODS_ROOT}/Target Support Files/Pods-DDaRa/Pods-DDaRa-frameworks.sh\"\n";
			showEnvVarsInLog = 0;
		};
		6343A61B2DF570773018A2C6 /* [CP] Embed Pods Frameworks */ = {
			isa = PBXShellScriptBuildPhase;
			buildActionMask = 2147483647;
			files = (
			);
			inputFileListPaths = (
				"${PODS_ROOT}/Target Support Files/Pods-DDaRaTests/Pods-DDaRaTests-frameworks-${CONFIGURATION}-input-files.xcfilelist",
			);
			name = "[CP] Embed Pods Frameworks";
			outputFileListPaths = (
				"${PODS_ROOT}/Target Support Files/Pods-DDaRaTests/Pods-DDaRaTests-frameworks-${CONFIGURATION}-output-files.xcfilelist",
			);
			runOnlyForDeploymentPostprocessing = 0;
			shellPath = /bin/sh;
			shellScript = "\"${PODS_ROOT}/Target Support Files/Pods-DDaRaTests/Pods-DDaRaTests-frameworks.sh\"\n";
			showEnvVarsInLog = 0;
		};
		B9E3FCE0F6F150E62FCF6E2C /* [CP] Check Pods Manifest.lock */ = {
			isa = PBXShellScriptBuildPhase;
			buildActionMask = 2147483647;
			files = (
			);
			inputFileListPaths = (
			);
			inputPaths = (
				"${PODS_PODFILE_DIR_PATH}/Podfile.lock",
				"${PODS_ROOT}/Manifest.lock",
			);
			name = "[CP] Check Pods Manifest.lock";
			outputFileListPaths = (
			);
			outputPaths = (
				"$(DERIVED_FILE_DIR)/Pods-DDaRa-checkManifestLockResult.txt",
			);
			runOnlyForDeploymentPostprocessing = 0;
			shellPath = /bin/sh;
			shellScript = "diff \"${PODS_PODFILE_DIR_PATH}/Podfile.lock\" \"${PODS_ROOT}/Manifest.lock\" > /dev/null\nif [ $? != 0 ] ; then\n    # print error to STDERR\n    echo \"error: The sandbox is not in sync with the Podfile.lock. Run 'pod install' or update your CocoaPods installation.\" >&2\n    exit 1\nfi\n# This output is used by Xcode 'outputs' to avoid re-running this script phase.\necho \"SUCCESS\" > \"${SCRIPT_OUTPUT_FILE_0}\"\n";
			showEnvVarsInLog = 0;
		};
		F9B16B39A46F8295F044EB98 /* [CP] Check Pods Manifest.lock */ = {
			isa = PBXShellScriptBuildPhase;
			buildActionMask = 2147483647;
			files = (
			);
			inputFileListPaths = (
			);
			inputPaths = (
				"${PODS_PODFILE_DIR_PATH}/Podfile.lock",
				"${PODS_ROOT}/Manifest.lock",
			);
			name = "[CP] Check Pods Manifest.lock";
			outputFileListPaths = (
			);
			outputPaths = (
				"$(DERIVED_FILE_DIR)/Pods-DDaRaTests-checkManifestLockResult.txt",
			);
			runOnlyForDeploymentPostprocessing = 0;
			shellPath = /bin/sh;
			shellScript = "diff \"${PODS_PODFILE_DIR_PATH}/Podfile.lock\" \"${PODS_ROOT}/Manifest.lock\" > /dev/null\nif [ $? != 0 ] ; then\n    # print error to STDERR\n    echo \"error: The sandbox is not in sync with the Podfile.lock. Run 'pod install' or update your CocoaPods installation.\" >&2\n    exit 1\nfi\n# This output is used by Xcode 'outputs' to avoid re-running this script phase.\necho \"SUCCESS\" > \"${SCRIPT_OUTPUT_FILE_0}\"\n";
			showEnvVarsInLog = 0;
		};
/* End PBXShellScriptBuildPhase section */

/* Begin PBXSourcesBuildPhase section */
		3929B62A295BC5FD00A1CBD0 /* Sources */ = {
			isa = PBXSourcesBuildPhase;
			buildActionMask = 2147483647;
			files = (
				39EB593C298D036A006FD3A2 /* JsonLoader.swift in Sources */,
				39EB593A298CFDED006FD3A2 /* MockURLSessionDataTask.swift in Sources */,
				39391BC3298762FB00F3D79A /* MockURLSession.swift in Sources */,
				39DCAFC52986B1CA008B5C4C /* NetworkProviderTests.swift in Sources */,
			);
			runOnlyForDeploymentPostprocessing = 0;
		};
		39A1BEC12952FB110007C524 /* Sources */ = {
			isa = PBXSourcesBuildPhase;
			buildActionMask = 2147483647;
			files = (
				39C1A6082953655E00A5625F /* PlayStatusView.swift in Sources */,
				39C1A60A2953656800A5625F /* PlayStatusViewModel.swift in Sources */,
				39DCAFC72986B5C6008B5C4C /* Dummy.swift in Sources */,
				392FBC522958B32000F359A1 /* MainTabBarController.swift in Sources */,
				3976B0E9296834F400B4365D /* StationView.swift in Sources */,
				39391BC729879A4600F3D79A /* ServiceAPI.swift in Sources */,
				3976B0ED296B13BB00B4365D /* CollectionViewHeader.swift in Sources */,
				39DCAE37298107CE008B5C4C /* SettingViewController.swift in Sources */,
				39A1BF0229532F2D0007C524 /* StationList.swift in Sources */,
				3929B629295B4B7100A1CBD0 /* FavoriteListBackgroundViewModel.swift in Sources */,
				399FC003295B314600D9A888 /* UIViewController+Rx.swift in Sources */,
				39391BC929879AFA00F3D79A /* JSONParser.swift in Sources */,
				39DCAE45298173CA008B5C4C /* RepeatingTimer.swift in Sources */,
				3929B623295B3BDD00A1CBD0 /* UITabBarController+Rx.swift in Sources */,
				39A1BEC92952FB110007C524 /* AppDelegate.swift in Sources */,
				39DCAE542982651D008B5C4C /* URLSessionProtocol.swift in Sources */,
				399FBFFC295B01D400D9A888 /* StationCellData.swift in Sources */,
				39F6294B2975127A00A709F4 /* CollectionViewBasicCell.swift in Sources */,
				39C1A60C29536EAE00A5625F /* AlertActionConvertible.swift in Sources */,
				3976B0F2296B1DEE00B4365D /* StationViewModel.swift in Sources */,
				39DCAE4029814EFB008B5C4C /* Int+.swift in Sources */,
				39DCAE42298172F6008B5C4C /* SecondTimer.swift in Sources */,
				39947BC129598BFF00412BC4 /* FavoriteListTableView.swift in Sources */,
				3976B0F0296B160900B4365D /* CollectionViewMainCell.swift in Sources */,
				3976B0F6296EAE8100B4365D /* UILabel+.swift in Sources */,
				3929B627295B4B5400A1CBD0 /* FavoriteListBackgroundView.swift in Sources */,
				39A1BECB2952FB110007C524 /* SceneDelegate.swift in Sources */,
				3929B644295C9CD600A1CBD0 /* PlaceHolder.swift in Sources */,
				39DCAE3429810481008B5C4C /* StationBackgroundViewModel.swift in Sources */,
				39DCAE3E29814516008B5C4C /* SleepSettingViewController.swift in Sources */,
				39947BC429598D1A00412BC4 /* FavoriteListCell.swift in Sources */,
				39C1A60F2953F36C00A5625F /* UIView+.swift in Sources */,
				39391BCB29879B1C00F3D79A /* URLRequest+.swift in Sources */,
				39A1BF0729533ACC0007C524 /* DefaultStationsUseCase.swift in Sources */,
				39DCAE482981A326008B5C4C /* Constants.swift in Sources */,
				3976B0DD296559D500B4365D /* ActionSheetView.swift in Sources */,
				39357B51295D54F3000D7524 /* ViewModel.swift in Sources */,
				3976B0E229658C7700B4365D /* ActionSheetViewModel.swift in Sources */,
				3976B0B62962C33300B4365D /* AppFlowCoordinator.swift in Sources */,
				392FBC502958A66A00F359A1 /* UIButton+Rx.swift in Sources */,
				399FBFFA295B01BE00D9A888 /* Station.swift in Sources */,
				39A1BF0029532E650007C524 /* NetworkProvider.swift in Sources */,
				39947BBA2959857900412BC4 /* FavoriteListView.swift in Sources */,
				39F629512975C5F200A709F4 /* CollectionViewFooter.swift in Sources */,
				39F6294F2975C32500A709F4 /* CollectionViewLabelCell.swift in Sources */,
				39DCAE3229810448008B5C4C /* StationBackgroundView.swift in Sources */,
				3976B0F4296E0C7800B4365D /* AlertController.swift in Sources */,
				39A1BF05295330590007C524 /* NetworkError.swift in Sources */,
				3976B0E42965D8E400B4365D /* TerrestrialApi.swift in Sources */,
				39DCAE5229826507008B5C4C /* URLSessionDataTaskProtocol.swift in Sources */,
				39357B4E295D4CBD000D7524 /* FavoriteListViewModel.swift in Sources */,
				39C1A6112953FC2C00A5625F /* UIButton+.swift in Sources */,
			);
			runOnlyForDeploymentPostprocessing = 0;
		};
/* End PBXSourcesBuildPhase section */

/* Begin PBXTargetDependency section */
		3929B633295BC5FD00A1CBD0 /* PBXTargetDependency */ = {
			isa = PBXTargetDependency;
			target = 39A1BEC42952FB110007C524 /* DDaRa */;
			targetProxy = 3929B632295BC5FD00A1CBD0 /* PBXContainerItemProxy */;
		};
/* End PBXTargetDependency section */

/* Begin PBXVariantGroup section */
		39A1BED32952FB120007C524 /* LaunchScreen.storyboard */ = {
			isa = PBXVariantGroup;
			children = (
				39A1BED42952FB120007C524 /* Base */,
			);
			name = LaunchScreen.storyboard;
			sourceTree = "<group>";
		};
/* End PBXVariantGroup section */

/* Begin XCBuildConfiguration section */
		3929B635295BC5FD00A1CBD0 /* Debug */ = {
			isa = XCBuildConfiguration;
			baseConfigurationReference = 9C1D32C4D889340999024030 /* Pods-DDaRaTests.debug.xcconfig */;
			buildSettings = {
				BUNDLE_LOADER = "$(TEST_HOST)";
				CODE_SIGN_IDENTITY = "Apple Development";
				CODE_SIGN_STYLE = Automatic;
				CURRENT_PROJECT_VERSION = 1;
				DEVELOPMENT_TEAM = CB95NTZJ5Z;
				GENERATE_INFOPLIST_FILE = YES;
				MARKETING_VERSION = 1.0;
				PRODUCT_BUNDLE_IDENTIFIER = com.Pane.DDaRaTests;
				PRODUCT_NAME = "$(TARGET_NAME)";
				PROVISIONING_PROFILE_SPECIFIER = "";
				SWIFT_EMIT_LOC_STRINGS = NO;
				SWIFT_VERSION = 5.0;
				TARGETED_DEVICE_FAMILY = "1,2";
				TEST_HOST = "$(BUILT_PRODUCTS_DIR)/DDaRa.app/$(BUNDLE_EXECUTABLE_FOLDER_PATH)/DDaRa";
			};
			name = Debug;
		};
		3929B636295BC5FD00A1CBD0 /* Release */ = {
			isa = XCBuildConfiguration;
			baseConfigurationReference = A1DFD6B2A13F2F202EFA19B3 /* Pods-DDaRaTests.release.xcconfig */;
			buildSettings = {
				BUNDLE_LOADER = "$(TEST_HOST)";
				CODE_SIGN_IDENTITY = "Apple Development";
				CODE_SIGN_STYLE = Automatic;
				CURRENT_PROJECT_VERSION = 1;
				DEVELOPMENT_TEAM = CB95NTZJ5Z;
				GENERATE_INFOPLIST_FILE = YES;
				MARKETING_VERSION = 1.0;
				PRODUCT_BUNDLE_IDENTIFIER = com.Pane.DDaRaTests;
				PRODUCT_NAME = "$(TARGET_NAME)";
				PROVISIONING_PROFILE_SPECIFIER = "";
				SWIFT_EMIT_LOC_STRINGS = NO;
				SWIFT_VERSION = 5.0;
				TARGETED_DEVICE_FAMILY = "1,2";
				TEST_HOST = "$(BUILT_PRODUCTS_DIR)/DDaRa.app/$(BUNDLE_EXECUTABLE_FOLDER_PATH)/DDaRa";
			};
			name = Release;
		};
		39A1BED72952FB120007C524 /* Debug */ = {
			isa = XCBuildConfiguration;
			buildSettings = {
				ALWAYS_SEARCH_USER_PATHS = NO;
				CLANG_ANALYZER_NONNULL = YES;
				CLANG_ANALYZER_NUMBER_OBJECT_CONVERSION = YES_AGGRESSIVE;
				CLANG_CXX_LANGUAGE_STANDARD = "gnu++20";
				CLANG_ENABLE_MODULES = YES;
				CLANG_ENABLE_OBJC_ARC = YES;
				CLANG_ENABLE_OBJC_WEAK = YES;
				CLANG_WARN_BLOCK_CAPTURE_AUTORELEASING = YES;
				CLANG_WARN_BOOL_CONVERSION = YES;
				CLANG_WARN_COMMA = YES;
				CLANG_WARN_CONSTANT_CONVERSION = YES;
				CLANG_WARN_DEPRECATED_OBJC_IMPLEMENTATIONS = YES;
				CLANG_WARN_DIRECT_OBJC_ISA_USAGE = YES_ERROR;
				CLANG_WARN_DOCUMENTATION_COMMENTS = YES;
				CLANG_WARN_EMPTY_BODY = YES;
				CLANG_WARN_ENUM_CONVERSION = YES;
				CLANG_WARN_INFINITE_RECURSION = YES;
				CLANG_WARN_INT_CONVERSION = YES;
				CLANG_WARN_NON_LITERAL_NULL_CONVERSION = YES;
				CLANG_WARN_OBJC_IMPLICIT_RETAIN_SELF = YES;
				CLANG_WARN_OBJC_LITERAL_CONVERSION = YES;
				CLANG_WARN_OBJC_ROOT_CLASS = YES_ERROR;
				CLANG_WARN_QUOTED_INCLUDE_IN_FRAMEWORK_HEADER = YES;
				CLANG_WARN_RANGE_LOOP_ANALYSIS = YES;
				CLANG_WARN_STRICT_PROTOTYPES = YES;
				CLANG_WARN_SUSPICIOUS_MOVE = YES;
				CLANG_WARN_UNGUARDED_AVAILABILITY = YES_AGGRESSIVE;
				CLANG_WARN_UNREACHABLE_CODE = YES;
				CLANG_WARN__DUPLICATE_METHOD_MATCH = YES;
				COPY_PHASE_STRIP = NO;
				DEBUG_INFORMATION_FORMAT = dwarf;
				ENABLE_STRICT_OBJC_MSGSEND = YES;
				ENABLE_TESTABILITY = YES;
				GCC_C_LANGUAGE_STANDARD = gnu11;
				GCC_DYNAMIC_NO_PIC = NO;
				GCC_NO_COMMON_BLOCKS = YES;
				GCC_OPTIMIZATION_LEVEL = 0;
				GCC_PREPROCESSOR_DEFINITIONS = (
					"DEBUG=1",
					"$(inherited)",
				);
				GCC_WARN_64_TO_32_BIT_CONVERSION = YES;
				GCC_WARN_ABOUT_RETURN_TYPE = YES_ERROR;
				GCC_WARN_UNDECLARED_SELECTOR = YES;
				GCC_WARN_UNINITIALIZED_AUTOS = YES_AGGRESSIVE;
				GCC_WARN_UNUSED_FUNCTION = YES;
				GCC_WARN_UNUSED_VARIABLE = YES;
				IPHONEOS_DEPLOYMENT_TARGET = 15.0;
				MTL_ENABLE_DEBUG_INFO = INCLUDE_SOURCE;
				MTL_FAST_MATH = YES;
				ONLY_ACTIVE_ARCH = YES;
				SDKROOT = iphoneos;
				SWIFT_ACTIVE_COMPILATION_CONDITIONS = DEBUG;
				SWIFT_OPTIMIZATION_LEVEL = "-Onone";
			};
			name = Debug;
		};
		39A1BED82952FB120007C524 /* Release */ = {
			isa = XCBuildConfiguration;
			buildSettings = {
				ALWAYS_SEARCH_USER_PATHS = NO;
				CLANG_ANALYZER_NONNULL = YES;
				CLANG_ANALYZER_NUMBER_OBJECT_CONVERSION = YES_AGGRESSIVE;
				CLANG_CXX_LANGUAGE_STANDARD = "gnu++20";
				CLANG_ENABLE_MODULES = YES;
				CLANG_ENABLE_OBJC_ARC = YES;
				CLANG_ENABLE_OBJC_WEAK = YES;
				CLANG_WARN_BLOCK_CAPTURE_AUTORELEASING = YES;
				CLANG_WARN_BOOL_CONVERSION = YES;
				CLANG_WARN_COMMA = YES;
				CLANG_WARN_CONSTANT_CONVERSION = YES;
				CLANG_WARN_DEPRECATED_OBJC_IMPLEMENTATIONS = YES;
				CLANG_WARN_DIRECT_OBJC_ISA_USAGE = YES_ERROR;
				CLANG_WARN_DOCUMENTATION_COMMENTS = YES;
				CLANG_WARN_EMPTY_BODY = YES;
				CLANG_WARN_ENUM_CONVERSION = YES;
				CLANG_WARN_INFINITE_RECURSION = YES;
				CLANG_WARN_INT_CONVERSION = YES;
				CLANG_WARN_NON_LITERAL_NULL_CONVERSION = YES;
				CLANG_WARN_OBJC_IMPLICIT_RETAIN_SELF = YES;
				CLANG_WARN_OBJC_LITERAL_CONVERSION = YES;
				CLANG_WARN_OBJC_ROOT_CLASS = YES_ERROR;
				CLANG_WARN_QUOTED_INCLUDE_IN_FRAMEWORK_HEADER = YES;
				CLANG_WARN_RANGE_LOOP_ANALYSIS = YES;
				CLANG_WARN_STRICT_PROTOTYPES = YES;
				CLANG_WARN_SUSPICIOUS_MOVE = YES;
				CLANG_WARN_UNGUARDED_AVAILABILITY = YES_AGGRESSIVE;
				CLANG_WARN_UNREACHABLE_CODE = YES;
				CLANG_WARN__DUPLICATE_METHOD_MATCH = YES;
				COPY_PHASE_STRIP = NO;
				DEBUG_INFORMATION_FORMAT = "dwarf-with-dsym";
				ENABLE_NS_ASSERTIONS = NO;
				ENABLE_STRICT_OBJC_MSGSEND = YES;
				GCC_C_LANGUAGE_STANDARD = gnu11;
				GCC_NO_COMMON_BLOCKS = YES;
				GCC_WARN_64_TO_32_BIT_CONVERSION = YES;
				GCC_WARN_ABOUT_RETURN_TYPE = YES_ERROR;
				GCC_WARN_UNDECLARED_SELECTOR = YES;
				GCC_WARN_UNINITIALIZED_AUTOS = YES_AGGRESSIVE;
				GCC_WARN_UNUSED_FUNCTION = YES;
				GCC_WARN_UNUSED_VARIABLE = YES;
				IPHONEOS_DEPLOYMENT_TARGET = 15.0;
				MTL_ENABLE_DEBUG_INFO = NO;
				MTL_FAST_MATH = YES;
				SDKROOT = iphoneos;
				SWIFT_COMPILATION_MODE = wholemodule;
				SWIFT_OPTIMIZATION_LEVEL = "-O";
				VALIDATE_PRODUCT = YES;
			};
			name = Release;
		};
		39A1BEDA2952FB120007C524 /* Debug */ = {
			isa = XCBuildConfiguration;
			baseConfigurationReference = 781C51F7F9AEFD830E005E82 /* Pods-DDaRa.debug.xcconfig */;
			buildSettings = {
				ASSETCATALOG_COMPILER_APPICON_NAME = AppIcon;
				ASSETCATALOG_COMPILER_GLOBAL_ACCENT_COLOR_NAME = AccentColor;
				CODE_SIGN_IDENTITY = "Apple Development";
				CODE_SIGN_STYLE = Automatic;
				CURRENT_PROJECT_VERSION = 1;
				DEVELOPMENT_TEAM = CB95NTZJ5Z;
				GENERATE_INFOPLIST_FILE = YES;
				INFOPLIST_FILE = DDaRa/App/Info.plist;
				INFOPLIST_KEY_CFBundleDisplayName = "따라";
				INFOPLIST_KEY_NSUserTrackingUsageDescription = "Your data will be used to measure advertising efficiency.";
				INFOPLIST_KEY_UIApplicationSupportsIndirectInputEvents = YES;
				INFOPLIST_KEY_UILaunchStoryboardName = LaunchScreen;
				INFOPLIST_KEY_UISupportedInterfaceOrientations = UIInterfaceOrientationPortrait;
				INFOPLIST_KEY_UISupportedInterfaceOrientations_iPad = "UIInterfaceOrientationLandscapeLeft UIInterfaceOrientationLandscapeRight UIInterfaceOrientationPortrait UIInterfaceOrientationPortraitUpsideDown";
				IPHONEOS_DEPLOYMENT_TARGET = 15.0;
				LD_RUNPATH_SEARCH_PATHS = (
					"$(inherited)",
					"@executable_path/Frameworks",
				);
				MARKETING_VERSION = 1.0;
				PRODUCT_BUNDLE_IDENTIFIER = com.Pane.DDaRa;
				PRODUCT_NAME = "$(TARGET_NAME)";
				PROVISIONING_PROFILE_SPECIFIER = "";
				SWIFT_EMIT_LOC_STRINGS = YES;
				SWIFT_VERSION = 5.0;
				TARGETED_DEVICE_FAMILY = "1,2";
			};
			name = Debug;
		};
		39A1BEDB2952FB120007C524 /* Release */ = {
			isa = XCBuildConfiguration;
			baseConfigurationReference = BA9AC9BE31C37E5C6B9C6163 /* Pods-DDaRa.release.xcconfig */;
			buildSettings = {
				ASSETCATALOG_COMPILER_APPICON_NAME = AppIcon;
				ASSETCATALOG_COMPILER_GLOBAL_ACCENT_COLOR_NAME = AccentColor;
				CODE_SIGN_IDENTITY = "Apple Distribution: JungHwan Lee (CB95NTZJ5Z)";
				"CODE_SIGN_IDENTITY[sdk=iphoneos*]" = "iPhone Distribution";
				CODE_SIGN_STYLE = Manual;
				CURRENT_PROJECT_VERSION = 1;
				DEVELOPMENT_TEAM = "";
				"DEVELOPMENT_TEAM[sdk=iphoneos*]" = CB95NTZJ5Z;
				GENERATE_INFOPLIST_FILE = YES;
				INFOPLIST_FILE = DDaRa/App/Info.plist;
				INFOPLIST_KEY_CFBundleDisplayName = "따라";
				INFOPLIST_KEY_NSUserTrackingUsageDescription = "Your data will be used to measure advertising efficiency.";
				INFOPLIST_KEY_UIApplicationSupportsIndirectInputEvents = YES;
				INFOPLIST_KEY_UILaunchStoryboardName = LaunchScreen;
				INFOPLIST_KEY_UISupportedInterfaceOrientations = UIInterfaceOrientationPortrait;
				INFOPLIST_KEY_UISupportedInterfaceOrientations_iPad = "UIInterfaceOrientationLandscapeLeft UIInterfaceOrientationLandscapeRight UIInterfaceOrientationPortrait UIInterfaceOrientationPortraitUpsideDown";
				IPHONEOS_DEPLOYMENT_TARGET = 15.0;
				LD_RUNPATH_SEARCH_PATHS = (
					"$(inherited)",
					"@executable_path/Frameworks",
				);
				MARKETING_VERSION = 1.0;
				PRODUCT_BUNDLE_IDENTIFIER = com.Pane.DDaRa;
				PRODUCT_NAME = "$(TARGET_NAME)";
				PROVISIONING_PROFILE_SPECIFIER = "";
				"PROVISIONING_PROFILE_SPECIFIER[sdk=iphoneos*]" = DDaRa;
				SWIFT_EMIT_LOC_STRINGS = YES;
				SWIFT_VERSION = 5.0;
				TARGETED_DEVICE_FAMILY = "1,2";
			};
			name = Release;
		};
/* End XCBuildConfiguration section */

/* Begin XCConfigurationList section */
		3929B634295BC5FD00A1CBD0 /* Build configuration list for PBXNativeTarget "DDaRaTests" */ = {
			isa = XCConfigurationList;
			buildConfigurations = (
				3929B635295BC5FD00A1CBD0 /* Debug */,
				3929B636295BC5FD00A1CBD0 /* Release */,
			);
			defaultConfigurationIsVisible = 0;
			defaultConfigurationName = Release;
		};
		39A1BEC02952FB110007C524 /* Build configuration list for PBXProject "DDaRa" */ = {
			isa = XCConfigurationList;
			buildConfigurations = (
				39A1BED72952FB120007C524 /* Debug */,
				39A1BED82952FB120007C524 /* Release */,
			);
			defaultConfigurationIsVisible = 0;
			defaultConfigurationName = Release;
		};
		39A1BED92952FB120007C524 /* Build configuration list for PBXNativeTarget "DDaRa" */ = {
			isa = XCConfigurationList;
			buildConfigurations = (
				39A1BEDA2952FB120007C524 /* Debug */,
				39A1BEDB2952FB120007C524 /* Release */,
			);
			defaultConfigurationIsVisible = 0;
			defaultConfigurationName = Release;
		};
/* End XCConfigurationList section */
	};
	rootObject = 39A1BEBD2952FB110007C524 /* Project object */;
}
